{
	"name": "@znix/component",
	"version": "0.1.17",
	"lockfileVersion": 1,
	"requires": true,
	"dependencies": {
		"@znix/store": {
			"version": "0.1.17",
			"resolved": "https://registry.npmjs.org/@znix/store/-/store-0.1.17.tgz",
			"integrity": "sha512-MZ9iNtrkaMfWvNV7OVrReXDz+rYgIVzRhCfVoiQAh3jxF97YSTWXgCT7DvUEGOkwpd7ZAj3QBh8RWiT00iFJnQ=="
		},
		"lit-html": {
			"version": "1.0.0-rc.2",
			"resolved": "https://registry.npmjs.org/lit-html/-/lit-html-1.0.0-rc.2.tgz",
			"integrity": "sha512-4bq34lhVmwWly1zBXicOBJLOwaWfjOVbchEEmFnZLuztxjh5wRd2WqV0URX8Q47MQ7PaIjn/eXyTRKsYhSAeRw=="
		}
	}
}
