{
	"name": "@znix/component",
	"version": "0.1.15",
	"lockfileVersion": 1,
	"requires": true,
	"dependencies": {
		"lit-html": {
			"version": "1.0.0-rc.1",
			"resolved": "https://registry.npmjs.org/lit-html/-/lit-html-1.0.0-rc.1.tgz",
			"integrity": "sha512-Qyu+lHpRtJS3Addw56rK68KgZ5cdxTfRDmYNwd8gRQBImdhkE0uyqIT5usLE9YDezFeYVqgAc2WujOOi8taF1A=="
		}
	}
}
