# THIS IS AN AUTOGENERATED FILE. DO NOT EDIT THIS FILE DIRECTLY.
# yarn lockfile v1


lit-html@0.13.0:
  version "0.13.0"
  resolved "https://registry.yarnpkg.com/lit-html/-/lit-html-0.13.0.tgz#d05e7fe8ade572432120339c451c614669788adf"
  integrity sha512-p3R2ji/ucNVG5skguy8WufmSYIdMiTTb9ObUVYM2bOuvIXzDnUiePXGwP5BDbKssW1K6fw1Oj/M07FzdPLsTXw==
